lockfileVersion: '6.0'

settings:
  autoInstallPeers: true
  excludeLinksFromLockfile: false

importers:

  .:
    devDependencies:
      typescript:
        specifier: ^5.2.2
        version: registry.npmmirror.com/typescript@5.2.2

  packages/client:
    dependencies:
      '@rpc-in-ts/server':
        specifier: workspace:^
        version: link:../server

  packages/server:
    devDependencies:
      '@types/node':
        specifier: ^20.8.7
        version: registry.npmmirror.com/@types/node@20.8.7
      typescript:
        specifier: ^5.2.2
        version: registry.npmmirror.com/typescript@5.2.2

packages:

  registry.npmmirror.com/@types/node@20.8.7:
    resolution: {integrity: sha512-21TKHHh3eUHIi2MloeptJWALuCu5H7HQTdTrWIFReA8ad+aggoX+lRes3ex7/FtpC+sVUpFMQ+QTfYr74mruiQ==, registry: https://registry.npm.taobao.org/, tarball: https://registry.npmmirror.com/@types/node/-/node-20.8.7.tgz}
    name: '@types/node'
    version: 20.8.7
    dependencies:
      undici-types: registry.npmmirror.com/undici-types@5.25.3
    dev: true

  registry.npmmirror.com/typescript@5.2.2:
    resolution: {integrity: sha512-mI4WrpHsbCIcwT9cF4FZvr80QUeKvsUsUvKDoR+X/7XHQH98xYD8YHZg7ANtz2GtZt/CBq2QJ0thkGJMHfqc1w==, registry: https://registry.npm.taobao.org/, tarball: https://registry.npmmirror.com/typescript/-/typescript-5.2.2.tgz}
    name: typescript
    version: 5.2.2
    engines: {node: '>=14.17'}
    hasBin: true
    dev: true

  registry.npmmirror.com/undici-types@5.25.3:
    resolution: {integrity: sha512-Ga1jfYwRn7+cP9v8auvEXN1rX3sWqlayd4HP7OKk4mZWylEmu3KzXDUGrQUN6Ol7qo1gPvB2e5gX6udnyEPgdA==, registry: https://registry.npm.taobao.org/, tarball: https://registry.npmmirror.com/undici-types/-/undici-types-5.25.3.tgz}
    name: undici-types
    version: 5.25.3
    dev: true
